
Microsoft Visual Studio Solution File, Format Version 12.00
# Visual Studio 15
VisualStudioVersion = 15.0.27428.1
MinimumVisualStudioVersion = 10.0.40219.1
Project("{FAE04EC0-301F-11D3-BF4B-00C04F79EFBC}") = "BookManagement", "BookManagement\BookManagement.csproj", "{4A41BD81-1E98-4287-8F7E-D3B413585300}"
EndProject
Global
	GlobalSection(SolutionConfigurationPlatforms) = preSolution
		Debug|Any CPU = Debug|Any CPU
		Release|Any CPU = Release|Any CPU
	EndGlobalSection
	GlobalSection(ProjectConfigurationPlatforms) = postSolution
		{4A41BD81-1E98-4287-8F7E-D3B413585300}.Debug|Any CPU.ActiveCfg = Debug|Any CPU
		{4A41BD81-1E98-4287-8F7E-D3B413585300}.Debug|Any CPU.Build.0 = Debug|Any CPU
		{4A41BD81-1E98-4287-8F7E-D3B413585300}.Release|Any CPU.ActiveCfg = Release|Any CPU
		{4A41BD81-1E98-4287-8F7E-D3B413585300}.Release|Any CPU.Build.0 = Release|Any CPU
	EndGlobalSection
	GlobalSection(SolutionProperties) = preSolution
		HideSolutionNode = FALSE
	EndGlobalSection
	GlobalSection(ExtensibilityGlobals) = postSolution
		SolutionGuid = {253744F5-CE1E-47B8-B9AF-0B79A89F1B68}
	EndGlobalSection
EndGlobal
