
Microsoft Visual Studio Solution File, Format Version 12.00
# Visual Studio 15
VisualStudioVersion = 15.0.27428.1
MinimumVisualStudioVersion = 10.0.40219.1
Project("{FAE04EC0-301F-11D3-BF4B-00C04F79EFBC}") = "ClassRegistration", "ClassRegistration\ClassRegistration.csproj", "{556736B8-ECF2-4D1C-88CA-F48BC991FF0C}"
EndProject
Global
	GlobalSection(SolutionConfigurationPlatforms) = preSolution
		Debug|Any CPU = Debug|Any CPU
		Release|Any CPU = Release|Any CPU
	EndGlobalSection
	GlobalSection(ProjectConfigurationPlatforms) = postSolution
		{556736B8-ECF2-4D1C-88CA-F48BC991FF0C}.Debug|Any CPU.ActiveCfg = Debug|Any CPU
		{556736B8-ECF2-4D1C-88CA-F48BC991FF0C}.Debug|Any CPU.Build.0 = Debug|Any CPU
		{556736B8-ECF2-4D1C-88CA-F48BC991FF0C}.Release|Any CPU.ActiveCfg = Release|Any CPU
		{556736B8-ECF2-4D1C-88CA-F48BC991FF0C}.Release|Any CPU.Build.0 = Release|Any CPU
	EndGlobalSection
	GlobalSection(SolutionProperties) = preSolution
		HideSolutionNode = FALSE
	EndGlobalSection
	GlobalSection(ExtensibilityGlobals) = postSolution
		SolutionGuid = {051EF17C-0ECF-4935-8E6C-3A1E58416DFB}
	EndGlobalSection
EndGlobal
