
Microsoft Visual Studio Solution File, Format Version 12.00
# Visual Studio 15
VisualStudioVersion = 15.0.27428.1
MinimumVisualStudioVersion = 10.0.40219.1
Project("{FAE04EC0-301F-11D3-BF4B-00C04F79EFBC}") = "BookManage", "BookManage\BookManage.csproj", "{BFF3FE70-9267-4807-84C0-325B5E1434BD}"
EndProject
Global
	GlobalSection(SolutionConfigurationPlatforms) = preSolution
		Debug|Any CPU = Debug|Any CPU
		Release|Any CPU = Release|Any CPU
	EndGlobalSection
	GlobalSection(ProjectConfigurationPlatforms) = postSolution
		{BFF3FE70-9267-4807-84C0-325B5E1434BD}.Debug|Any CPU.ActiveCfg = Debug|Any CPU
		{BFF3FE70-9267-4807-84C0-325B5E1434BD}.Debug|Any CPU.Build.0 = Debug|Any CPU
		{BFF3FE70-9267-4807-84C0-325B5E1434BD}.Release|Any CPU.ActiveCfg = Release|Any CPU
		{BFF3FE70-9267-4807-84C0-325B5E1434BD}.Release|Any CPU.Build.0 = Release|Any CPU
	EndGlobalSection
	GlobalSection(SolutionProperties) = preSolution
		HideSolutionNode = FALSE
	EndGlobalSection
	GlobalSection(ExtensibilityGlobals) = postSolution
		SolutionGuid = {76B1032A-D220-4A1B-8CBC-7E8E1518AD46}
	EndGlobalSection
EndGlobal
