
Microsoft Visual Studio Solution File, Format Version 12.00
# Visual Studio 15
VisualStudioVersion = 15.0.27428.1
MinimumVisualStudioVersion = 10.0.40219.1
Project("{FAE04EC0-301F-11D3-BF4B-00C04F79EFBC}") = "Paint", "Paint\Paint.csproj", "{72E0BA3C-866C-4B8D-A942-02D1F0AF6046}"
EndProject
Global
	GlobalSection(SolutionConfigurationPlatforms) = preSolution
		Debug|Any CPU = Debug|Any CPU
		Release|Any CPU = Release|Any CPU
	EndGlobalSection
	GlobalSection(ProjectConfigurationPlatforms) = postSolution
		{72E0BA3C-866C-4B8D-A942-02D1F0AF6046}.Debug|Any CPU.ActiveCfg = Debug|Any CPU
		{72E0BA3C-866C-4B8D-A942-02D1F0AF6046}.Debug|Any CPU.Build.0 = Debug|Any CPU
		{72E0BA3C-866C-4B8D-A942-02D1F0AF6046}.Release|Any CPU.ActiveCfg = Release|Any CPU
		{72E0BA3C-866C-4B8D-A942-02D1F0AF6046}.Release|Any CPU.Build.0 = Release|Any CPU
	EndGlobalSection
	GlobalSection(SolutionProperties) = preSolution
		HideSolutionNode = FALSE
	EndGlobalSection
	GlobalSection(ExtensibilityGlobals) = postSolution
		SolutionGuid = {80B3E776-4AEE-4FF4-BA1C-076ADEF06DAC}
	EndGlobalSection
EndGlobal
