
Microsoft Visual Studio Solution File, Format Version 12.00
# Visual Studio 15
VisualStudioVersion = 15.0.27428.1
MinimumVisualStudioVersion = 10.0.40219.1
Project("{FAE04EC0-301F-11D3-BF4B-00C04F79EFBC}") = "WindowsExplorer", "WindowsExplorer\WindowsExplorer.csproj", "{A76CBC2D-2AC5-4CF6-A95F-892FD3D48493}"
EndProject
Global
	GlobalSection(SolutionConfigurationPlatforms) = preSolution
		Debug|Any CPU = Debug|Any CPU
		Release|Any CPU = Release|Any CPU
	EndGlobalSection
	GlobalSection(ProjectConfigurationPlatforms) = postSolution
		{A76CBC2D-2AC5-4CF6-A95F-892FD3D48493}.Debug|Any CPU.ActiveCfg = Debug|Any CPU
		{A76CBC2D-2AC5-4CF6-A95F-892FD3D48493}.Debug|Any CPU.Build.0 = Debug|Any CPU
		{A76CBC2D-2AC5-4CF6-A95F-892FD3D48493}.Release|Any CPU.ActiveCfg = Release|Any CPU
		{A76CBC2D-2AC5-4CF6-A95F-892FD3D48493}.Release|Any CPU.Build.0 = Release|Any CPU
	EndGlobalSection
	GlobalSection(SolutionProperties) = preSolution
		HideSolutionNode = FALSE
	EndGlobalSection
	GlobalSection(ExtensibilityGlobals) = postSolution
		SolutionGuid = {F4FA8A39-A769-47F5-8CB4-131BC5AA129C}
	EndGlobalSection
EndGlobal
